
Microsoft Visual Studio Solution File, Format Version 11.00
# Visual Studio 2010
Project("{8BC9CEB8-8B4A-11D0-8D11-00A0C91BC942}") = "LAB_08_Savenkov", "LAB_08_Savenkov\LAB_08_Savenkov.vcxproj", "{FB3022CA-9014-4BA1-BA77-6F87C54F276A}"
EndProject
Global
	GlobalSection(SolutionConfigurationPlatforms) = preSolution
		Debug|Win32 = Debug|Win32
		Release|Win32 = Release|Win32
	EndGlobalSection
	GlobalSection(ProjectConfigurationPlatforms) = postSolution
		{FB3022CA-9014-4BA1-BA77-6F87C54F276A}.Debug|Win32.ActiveCfg = Debug|Win32
		{FB3022CA-9014-4BA1-BA77-6F87C54F276A}.Debug|Win32.Build.0 = Debug|Win32
		{FB3022CA-9014-4BA1-BA77-6F87C54F276A}.Release|Win32.ActiveCfg = Release|Win32
		{FB3022CA-9014-4BA1-BA77-6F87C54F276A}.Release|Win32.Build.0 = Release|Win32
	EndGlobalSection
	GlobalSection(SolutionProperties) = preSolution
		HideSolutionNode = FALSE
	EndGlobalSection
EndGlobal
